// !$*UTF8*$!
{
	archiveVersion = 1;
	classes = {
	};
	objectVersion = 56;
	objects = {

/* Begin PBXBuildFile section */
		0D4DFA062A5D9952008F6D63 /* TabBarItem.swift in Sources */ = {isa = PBXBuildFile; fileRef = 0D4DFA052A5D9952008F6D63 /* TabBarItem.swift */; };
		0D4DFA0B2A5F2E47008F6D63 /* TestViewController.swift in Sources */ = {isa = PBXBuildFile; fileRef = 0D4DFA0A2A5F2E47008F6D63 /* TestViewController.swift */; };
		0D6519672A61905300643F46 /* TestTypoViewController.swift in Sources */ = {isa = PBXBuildFile; fileRef = 0D6519662A61905300643F46 /* TestTypoViewController.swift */; };
		0D6519692A6191F700643F46 /* TestPopupViewController.swift in Sources */ = {isa = PBXBuildFile; fileRef = 0D6519682A6191F700643F46 /* TestPopupViewController.swift */; };
		0D6D9BF22A5D74C8000AA356 /* DesignSystem in Frameworks */ = {isa = PBXBuildFile; productRef = 0D6D9BF12A5D74C8000AA356 /* DesignSystem */; };
		143C00942A602E8F000FBD3F /* RecommendViewController.swift in Sources */ = {isa = PBXBuildFile; fileRef = 143C00932A602E8F000FBD3F /* RecommendViewController.swift */; };
		143C00962A603273000FBD3F /* RecommendHeaderView.swift in Sources */ = {isa = PBXBuildFile; fileRef = 143C00952A603273000FBD3F /* RecommendHeaderView.swift */; };
		143C00982A603911000FBD3F /* RecommendCell.swift in Sources */ = {isa = PBXBuildFile; fileRef = 143C00972A603911000FBD3F /* RecommendCell.swift */; };
		143C009A2A604810000FBD3F /* RecommendFeedModel.swift in Sources */ = {isa = PBXBuildFile; fileRef = 143C00992A604810000FBD3F /* RecommendFeedModel.swift */; };
		14489F142A56A8A800F042CB /* Assets.xcassets in Resources */ = {isa = PBXBuildFile; fileRef = 14C1F6212A50501D0079FA20 /* Assets.xcassets */; };
		14C1F6192A50501C0079FA20 /* AppDelegate.swift in Sources */ = {isa = PBXBuildFile; fileRef = 14C1F6182A50501C0079FA20 /* AppDelegate.swift */; };
		14C1F61B2A50501C0079FA20 /* SceneDelegate.swift in Sources */ = {isa = PBXBuildFile; fileRef = 14C1F61A2A50501C0079FA20 /* SceneDelegate.swift */; };
		14C1F6252A50501D0079FA20 /* LaunchScreen.storyboard in Resources */ = {isa = PBXBuildFile; fileRef = 14C1F6232A50501D0079FA20 /* LaunchScreen.storyboard */; };
		14DB26542A5BF82700F42499 /* FeedViewController.swift in Sources */ = {isa = PBXBuildFile; fileRef = 14DB26532A5BF82700F42499 /* FeedViewController.swift */; };
		14DB26572A5C06C400F42499 /* FeedCell.swift in Sources */ = {isa = PBXBuildFile; fileRef = 14DB26562A5C06C400F42499 /* FeedCell.swift */; };
		14DB265A2A5C7EB700F42499 /* FeedModel.swift in Sources */ = {isa = PBXBuildFile; fileRef = 14DB26592A5C7EB700F42499 /* FeedModel.swift */; };
		14DB265C2A5C840100F42499 /* FeedHeaderView.swift in Sources */ = {isa = PBXBuildFile; fileRef = 14DB265B2A5C840100F42499 /* FeedHeaderView.swift */; };
		14DB26602A5E7E7A00F42499 /* CGFloat+.swift in Sources */ = {isa = PBXBuildFile; fileRef = 14DB265F2A5E7E7A00F42499 /* CGFloat+.swift */; };
		14DB26662A5E97A100F42499 /* MyFeedViewController.swift in Sources */ = {isa = PBXBuildFile; fileRef = 14DB26652A5E97A100F42499 /* MyFeedViewController.swift */; };
		14F66FE52A50562F009703AD /* SnapKit in Frameworks */ = {isa = PBXBuildFile; productRef = 14F66FE42A50562F009703AD /* SnapKit */; };
		14F66FE82A505A27009703AD /* Moya in Frameworks */ = {isa = PBXBuildFile; productRef = 14F66FE72A505A27009703AD /* Moya */; };
		14F66FEB2A505E3A009703AD /* Kingfisher in Frameworks */ = {isa = PBXBuildFile; productRef = 14F66FEA2A505E3A009703AD /* Kingfisher */; };
		14F66FFD2A550928009703AD /* UIView+.swift in Sources */ = {isa = PBXBuildFile; fileRef = 14F66FFC2A550928009703AD /* UIView+.swift */; };
		14F670012A550AAC009703AD /* String+.swift in Sources */ = {isa = PBXBuildFile; fileRef = 14F670002A550AAC009703AD /* String+.swift */; };
		14F670052A550BED009703AD /* UIViewController+.swift in Sources */ = {isa = PBXBuildFile; fileRef = 14F670042A550BED009703AD /* UIViewController+.swift */; };
		14F670072A550C45009703AD /* UIStackView+.swift in Sources */ = {isa = PBXBuildFile; fileRef = 14F670062A550C45009703AD /* UIStackView+.swift */; };
		14F670092A550C83009703AD /* UILabel+.swift in Sources */ = {isa = PBXBuildFile; fileRef = 14F670082A550C83009703AD /* UILabel+.swift */; };
		14F6700B2A550CBA009703AD /* UIButton+.swift in Sources */ = {isa = PBXBuildFile; fileRef = 14F6700A2A550CBA009703AD /* UIButton+.swift */; };
		14F6700D2A550D4F009703AD /* UITextField+.swift in Sources */ = {isa = PBXBuildFile; fileRef = 14F6700C2A550D4F009703AD /* UITextField+.swift */; };
		14F670112A550F1A009703AD /* NSObject+.swift in Sources */ = {isa = PBXBuildFile; fileRef = 14F670102A550F1A009703AD /* NSObject+.swift */; };
		14F670142A551BCF009703AD /* TabBarController.swift in Sources */ = {isa = PBXBuildFile; fileRef = 14F670132A551BCF009703AD /* TabBarController.swift */; };
		1D3CBAFD2A5E7C6D00AE8138 /* MypageProfileCell.swift in Sources */ = {isa = PBXBuildFile; fileRef = 1D3CBAFC2A5E7C6D00AE8138 /* MypageProfileCell.swift */; };
		1D3CBAFF2A5E7CF100AE8138 /* MypageViewController.swift in Sources */ = {isa = PBXBuildFile; fileRef = 1D3CBAFE2A5E7CF100AE8138 /* MypageViewController.swift */; };
		1D3CBB052A5EC92700AE8138 /* MypageGoalInfoCell.swift in Sources */ = {isa = PBXBuildFile; fileRef = 1D3CBB042A5EC92700AE8138 /* MypageGoalInfoCell.swift */; };
		1D3CBB082A5ECA8E00AE8138 /* MyfeedCollectionViewCell.swift in Sources */ = {isa = PBXBuildFile; fileRef = 1D3CBB062A5EC94800AE8138 /* MyfeedCollectionViewCell.swift */; };
		1DEA6D892A6001BA003193E9 /* InquiryCollectionViewCell.swift in Sources */ = {isa = PBXBuildFile; fileRef = 1DEA6D882A6001BA003193E9 /* InquiryCollectionViewCell.swift */; };
		F417C6BC2A5F27CE00A03EBB /* ContentsWriteView.swift in Sources */ = {isa = PBXBuildFile; fileRef = F417C6BB2A5F27CE00A03EBB /* ContentsWriteView.swift */; };
		F4867A652A6061940016389C /* PriceUploadView.swift in Sources */ = {isa = PBXBuildFile; fileRef = F4867A642A6061940016389C /* PriceUploadView.swift */; };
		F4867A672A608B860016389C /* Int+.swift in Sources */ = {isa = PBXBuildFile; fileRef = F4867A662A608B860016389C /* Int+.swift */; };
		F4AE68672A65493500EEA198 /* Int64+.swift in Sources */ = {isa = PBXBuildFile; fileRef = F4AE68662A65493500EEA198 /* Int64+.swift */; };
		F4BE08412A5C6F8C0052F3B0 /* UploadViewController.swift in Sources */ = {isa = PBXBuildFile; fileRef = F4BE08402A5C6F8C0052F3B0 /* UploadViewController.swift */; };
		F4BE08442A5C72EC0052F3B0 /* UploadBaseView.swift in Sources */ = {isa = PBXBuildFile; fileRef = F4BE08432A5C72EC0052F3B0 /* UploadBaseView.swift */; };
		F4BE08462A5C77F10052F3B0 /* PhotoUploadView.swift in Sources */ = {isa = PBXBuildFile; fileRef = F4BE08452A5C77F10052F3B0 /* PhotoUploadView.swift */; };
		F4BE08532A5D98EA0052F3B0 /* CHIPageControl in Frameworks */ = {isa = PBXBuildFile; productRef = F4BE08522A5D98EA0052F3B0 /* CHIPageControl */; };
/* End PBXBuildFile section */

/* Begin PBXFileReference section */
		0D4DFA052A5D9952008F6D63 /* TabBarItem.swift */ = {isa = PBXFileReference; lastKnownFileType = sourcecode.swift; path = TabBarItem.swift; sourceTree = "<group>"; };
		0D4DFA0A2A5F2E47008F6D63 /* TestViewController.swift */ = {isa = PBXFileReference; lastKnownFileType = sourcecode.swift; path = TestViewController.swift; sourceTree = "<group>"; };
		0D6519662A61905300643F46 /* TestTypoViewController.swift */ = {isa = PBXFileReference; lastKnownFileType = sourcecode.swift; path = TestTypoViewController.swift; sourceTree = "<group>"; };
		0D6519682A6191F700643F46 /* TestPopupViewController.swift */ = {isa = PBXFileReference; lastKnownFileType = sourcecode.swift; path = TestPopupViewController.swift; sourceTree = "<group>"; };
		0D6D9BF82A5D799A000AA356 /* DesignSystem */ = {isa = PBXFileReference; lastKnownFileType = wrapper; path = DesignSystem; sourceTree = "<group>"; };
		143C00932A602E8F000FBD3F /* RecommendViewController.swift */ = {isa = PBXFileReference; lastKnownFileType = sourcecode.swift; path = RecommendViewController.swift; sourceTree = "<group>"; };
		143C00952A603273000FBD3F /* RecommendHeaderView.swift */ = {isa = PBXFileReference; lastKnownFileType = sourcecode.swift; path = RecommendHeaderView.swift; sourceTree = "<group>"; };
		143C00972A603911000FBD3F /* RecommendCell.swift */ = {isa = PBXFileReference; lastKnownFileType = sourcecode.swift; path = RecommendCell.swift; sourceTree = "<group>"; };
		143C00992A604810000FBD3F /* RecommendFeedModel.swift */ = {isa = PBXFileReference; lastKnownFileType = sourcecode.swift; path = RecommendFeedModel.swift; sourceTree = "<group>"; };
		14C1F6152A50501C0079FA20 /* Winey.app */ = {isa = PBXFileReference; explicitFileType = wrapper.application; includeInIndex = 0; path = Winey.app; sourceTree = BUILT_PRODUCTS_DIR; };
		14C1F6182A50501C0079FA20 /* AppDelegate.swift */ = {isa = PBXFileReference; lastKnownFileType = sourcecode.swift; path = AppDelegate.swift; sourceTree = "<group>"; };
		14C1F61A2A50501C0079FA20 /* SceneDelegate.swift */ = {isa = PBXFileReference; lastKnownFileType = sourcecode.swift; path = SceneDelegate.swift; sourceTree = "<group>"; };
		14C1F6212A50501D0079FA20 /* Assets.xcassets */ = {isa = PBXFileReference; lastKnownFileType = folder.assetcatalog; path = Assets.xcassets; sourceTree = "<group>"; };
		14C1F6242A50501D0079FA20 /* Base */ = {isa = PBXFileReference; lastKnownFileType = file.storyboard; name = Base; path = Base.lproj/LaunchScreen.storyboard; sourceTree = "<group>"; };
		14C1F6262A50501D0079FA20 /* Info.plist */ = {isa = PBXFileReference; lastKnownFileType = text.plist.xml; path = Info.plist; sourceTree = "<group>"; };
		14DB26532A5BF82700F42499 /* FeedViewController.swift */ = {isa = PBXFileReference; lastKnownFileType = sourcecode.swift; path = FeedViewController.swift; sourceTree = "<group>"; };
		14DB26562A5C06C400F42499 /* FeedCell.swift */ = {isa = PBXFileReference; lastKnownFileType = sourcecode.swift; path = FeedCell.swift; sourceTree = "<group>"; };
		14DB26592A5C7EB700F42499 /* FeedModel.swift */ = {isa = PBXFileReference; lastKnownFileType = sourcecode.swift; path = FeedModel.swift; sourceTree = "<group>"; };
		14DB265B2A5C840100F42499 /* FeedHeaderView.swift */ = {isa = PBXFileReference; lastKnownFileType = sourcecode.swift; path = FeedHeaderView.swift; sourceTree = "<group>"; };
		14DB265F2A5E7E7A00F42499 /* CGFloat+.swift */ = {isa = PBXFileReference; lastKnownFileType = sourcecode.swift; path = "CGFloat+.swift"; sourceTree = "<group>"; };
		14DB26652A5E97A100F42499 /* MyFeedViewController.swift */ = {isa = PBXFileReference; lastKnownFileType = sourcecode.swift; path = MyFeedViewController.swift; sourceTree = "<group>"; };
		14F66FFC2A550928009703AD /* UIView+.swift */ = {isa = PBXFileReference; lastKnownFileType = sourcecode.swift; path = "UIView+.swift"; sourceTree = "<group>"; };
		14F670002A550AAC009703AD /* String+.swift */ = {isa = PBXFileReference; lastKnownFileType = sourcecode.swift; path = "String+.swift"; sourceTree = "<group>"; };
		14F670042A550BED009703AD /* UIViewController+.swift */ = {isa = PBXFileReference; lastKnownFileType = sourcecode.swift; path = "UIViewController+.swift"; sourceTree = "<group>"; };
		14F670062A550C45009703AD /* UIStackView+.swift */ = {isa = PBXFileReference; lastKnownFileType = sourcecode.swift; path = "UIStackView+.swift"; sourceTree = "<group>"; };
		14F670082A550C83009703AD /* UILabel+.swift */ = {isa = PBXFileReference; lastKnownFileType = sourcecode.swift; path = "UILabel+.swift"; sourceTree = "<group>"; };
		14F6700A2A550CBA009703AD /* UIButton+.swift */ = {isa = PBXFileReference; lastKnownFileType = sourcecode.swift; path = "UIButton+.swift"; sourceTree = "<group>"; };
		14F6700C2A550D4F009703AD /* UITextField+.swift */ = {isa = PBXFileReference; lastKnownFileType = sourcecode.swift; path = "UITextField+.swift"; sourceTree = "<group>"; };
		14F670102A550F1A009703AD /* NSObject+.swift */ = {isa = PBXFileReference; lastKnownFileType = sourcecode.swift; path = "NSObject+.swift"; sourceTree = "<group>"; };
		14F670132A551BCF009703AD /* TabBarController.swift */ = {isa = PBXFileReference; lastKnownFileType = sourcecode.swift; path = TabBarController.swift; sourceTree = "<group>"; };
		1D3CBAFC2A5E7C6D00AE8138 /* MypageProfileCell.swift */ = {isa = PBXFileReference; lastKnownFileType = sourcecode.swift; path = MypageProfileCell.swift; sourceTree = "<group>"; };
		1D3CBAFE2A5E7CF100AE8138 /* MypageViewController.swift */ = {isa = PBXFileReference; lastKnownFileType = sourcecode.swift; path = MypageViewController.swift; sourceTree = "<group>"; };
		1D3CBB042A5EC92700AE8138 /* MypageGoalInfoCell.swift */ = {isa = PBXFileReference; lastKnownFileType = sourcecode.swift; path = MypageGoalInfoCell.swift; sourceTree = "<group>"; };
		1D3CBB062A5EC94800AE8138 /* MyfeedCollectionViewCell.swift */ = {isa = PBXFileReference; lastKnownFileType = sourcecode.swift; path = MyfeedCollectionViewCell.swift; sourceTree = "<group>"; };
		1DEA6D882A6001BA003193E9 /* InquiryCollectionViewCell.swift */ = {isa = PBXFileReference; lastKnownFileType = sourcecode.swift; path = InquiryCollectionViewCell.swift; sourceTree = "<group>"; };
		F417C6BB2A5F27CE00A03EBB /* ContentsWriteView.swift */ = {isa = PBXFileReference; lastKnownFileType = sourcecode.swift; path = ContentsWriteView.swift; sourceTree = "<group>"; };
		F4867A642A6061940016389C /* PriceUploadView.swift */ = {isa = PBXFileReference; lastKnownFileType = sourcecode.swift; path = PriceUploadView.swift; sourceTree = "<group>"; };
		F4867A662A608B860016389C /* Int+.swift */ = {isa = PBXFileReference; lastKnownFileType = sourcecode.swift; path = "Int+.swift"; sourceTree = "<group>"; };
		F4AE68662A65493500EEA198 /* Int64+.swift */ = {isa = PBXFileReference; lastKnownFileType = sourcecode.swift; path = "Int64+.swift"; sourceTree = "<group>"; };
		F4BE08402A5C6F8C0052F3B0 /* UploadViewController.swift */ = {isa = PBXFileReference; lastKnownFileType = sourcecode.swift; path = UploadViewController.swift; sourceTree = "<group>"; };
		F4BE08432A5C72EC0052F3B0 /* UploadBaseView.swift */ = {isa = PBXFileReference; lastKnownFileType = sourcecode.swift; path = UploadBaseView.swift; sourceTree = "<group>"; };
		F417C6BB2A5F27CE00A03EBB /* ContentsWriteView.swift */ = {isa = PBXFileReference; lastKnownFileType = sourcecode.swift; path = ContentsWriteView.swift; sourceTree = "<group>"; };
		F4867A642A6061940016389C /* PriceUploadView.swift */ = {isa = PBXFileReference; lastKnownFileType = sourcecode.swift; path = PriceUploadView.swift; sourceTree = "<group>"; };
		F4867A662A608B860016389C /* Int+.swift */ = {isa = PBXFileReference; lastKnownFileType = sourcecode.swift; path = "Int+.swift"; sourceTree = "<group>"; };
		F4BE08452A5C77F10052F3B0 /* PhotoUploadView.swift */ = {isa = PBXFileReference; lastKnownFileType = sourcecode.swift; path = PhotoUploadView.swift; sourceTree = "<group>"; };
		F4BE08482A5C7C6D0052F3B0 /* CustomNavigationBar.swift */ = {isa = PBXFileReference; fileEncoding = 4; lastKnownFileType = sourcecode.swift; path = CustomNavigationBar.swift; sourceTree = "<group>"; };
		F4BE084A2A5C7C740052F3B0 /* NavigationBarType.swift */ = {isa = PBXFileReference; fileEncoding = 4; lastKnownFileType = sourcecode.swift; path = NavigationBarType.swift; sourceTree = "<group>"; };
/* End PBXFileReference section */

/* Begin PBXFrameworksBuildPhase section */
		14C1F6122A50501C0079FA20 /* Frameworks */ = {
			isa = PBXFrameworksBuildPhase;
			buildActionMask = 2147483647;
			files = (
				F4BE08532A5D98EA0052F3B0 /* CHIPageControl in Frameworks */,
				14F66FEB2A505E3A009703AD /* Kingfisher in Frameworks */,
				14F66FE82A505A27009703AD /* Moya in Frameworks */,
				14F66FE52A50562F009703AD /* SnapKit in Frameworks */,
				0D6D9BF22A5D74C8000AA356 /* DesignSystem in Frameworks */,
			);
			runOnlyForDeploymentPostprocessing = 0;
		};
/* End PBXFrameworksBuildPhase section */

/* Begin PBXGroup section */
		0D4DFA092A5F2E3C008F6D63 /* Test */ = {
			isa = PBXGroup;
			children = (
				0D4DFA0A2A5F2E47008F6D63 /* TestViewController.swift */,
				0D6519662A61905300643F46 /* TestTypoViewController.swift */,
				0D6519682A6191F700643F46 /* TestPopupViewController.swift */,
			);
			path = Test;
			sourceTree = "<group>";
		};
		0D6D9BF02A5D74C8000AA356 /* Frameworks */ = {
			isa = PBXGroup;
			children = (
			);
			name = Frameworks;
			sourceTree = "<group>";
		};
		0D6D9BF62A5D7807000AA356 /* Common */ = {
			isa = PBXGroup;
			children = (
				0D6D9BF82A5D799A000AA356 /* DesignSystem */,
			);
			path = Common;
			sourceTree = "<group>";
		};
		143C00902A602E51000FBD3F /* View */ = {
			isa = PBXGroup;
			children = (
				143C00952A603273000FBD3F /* RecommendHeaderView.swift */,
				143C00972A603911000FBD3F /* RecommendCell.swift */,
			);
			path = View;
			sourceTree = "<group>";
		};
		143C00912A602E5A000FBD3F /* ViewController */ = {
			isa = PBXGroup;
			children = (
				143C00932A602E8F000FBD3F /* RecommendViewController.swift */,
			);
			path = ViewController;
			sourceTree = "<group>";
		};
		143C00922A602E61000FBD3F /* Model */ = {
			isa = PBXGroup;
			children = (
				143C00992A604810000FBD3F /* RecommendFeedModel.swift */,
			);
			path = Model;
			sourceTree = "<group>";
		};
		148C7B892A56B19D007DFE55 /* Feed */ = {
			isa = PBXGroup;
			children = (
				14DB26582A5C321300F42499 /* Model */,
				14DB26522A5BF6D900F42499 /* ViewController */,
				14DB26512A5BF6D300F42499 /* View */,
			);
			path = Feed;
			sourceTree = "<group>";
		};
		148C7B8A2A56B1A6007DFE55 /* Recommend */ = {
			isa = PBXGroup;
			children = (
				143C00922A602E61000FBD3F /* Model */,
				143C00912A602E5A000FBD3F /* ViewController */,
				143C00902A602E51000FBD3F /* View */,
			);
			path = Recommend;
			sourceTree = "<group>";
		};
		148C7B8B2A56B1AD007DFE55 /* MyPage */ = {
			isa = PBXGroup;
			children = (
				1D3CBAE82A5C060C00AE8138 /* ViewControllers */,
				1D3CBAE62A5C05FD00AE8138 /* Cells */,
			);
			path = MyPage;
			sourceTree = "<group>";
		};
		14A7A4352A56F10600C0CA4E /* MyFeed */ = {
			isa = PBXGroup;
			children = (
				14DB26632A5E974600F42499 /* ViewController */,
			);
			path = MyFeed;
			sourceTree = "<group>";
		};
		14A7A4362A56F12600C0CA4E /* Upload */ = {
			isa = PBXGroup;
			children = (
				F4BE08472A5C7C4E0052F3B0 /* NavigationBar */,
				F4BE08422A5C72BF0052F3B0 /* View */,
				F4BE083E2A5C6F650052F3B0 /* ViewController */,
			);
			path = Upload;
			sourceTree = "<group>";
		};
		14A7A4372A56F12F00C0CA4E /* SaveGoal */ = {
			isa = PBXGroup;
			children = (
			);
			path = SaveGoal;
			sourceTree = "<group>";
		};
		14C1F60C2A50501C0079FA20 = {
			isa = PBXGroup;
			children = (
				14C1F6172A50501C0079FA20 /* Winey */,
				0D6D9BF62A5D7807000AA356 /* Common */,
				14C1F6162A50501C0079FA20 /* Products */,
				0D6D9BF02A5D74C8000AA356 /* Frameworks */,
			);
			sourceTree = "<group>";
		};
		14C1F6162A50501C0079FA20 /* Products */ = {
			isa = PBXGroup;
			children = (
				14C1F6152A50501C0079FA20 /* Winey.app */,
			);
			name = Products;
			sourceTree = "<group>";
		};
		14C1F6172A50501C0079FA20 /* Winey */ = {
			isa = PBXGroup;
			children = (
				14F66FED2A54848F009703AD /* Resource */,
				14F66FEC2A54846C009703AD /* Source */,
			);
			path = Winey;
			sourceTree = "<group>";
		};
		14D76B042A5B074600B3AC5F /* UIKit */ = {
			isa = PBXGroup;
			children = (
				14F66FFC2A550928009703AD /* UIView+.swift */,
				14F670042A550BED009703AD /* UIViewController+.swift */,
				14F670062A550C45009703AD /* UIStackView+.swift */,
				14F670082A550C83009703AD /* UILabel+.swift */,
				14F6700A2A550CBA009703AD /* UIButton+.swift */,
				14F6700C2A550D4F009703AD /* UITextField+.swift */,
				14DB265F2A5E7E7A00F42499 /* CGFloat+.swift */,
			);
			path = UIKit;
			sourceTree = "<group>";
		};
		14D76B052A5B075100B3AC5F /* Foundation+ */ = {
			isa = PBXGroup;
			children = (
				14F670002A550AAC009703AD /* String+.swift */,
				14F670102A550F1A009703AD /* NSObject+.swift */,
				F4867A662A608B860016389C /* Int+.swift */,
				F4AE68662A65493500EEA198 /* Int64+.swift */,
			);
			path = "Foundation+";
			sourceTree = "<group>";
		};
		14DB26512A5BF6D300F42499 /* View */ = {
			isa = PBXGroup;
			children = (
				14DB26562A5C06C400F42499 /* FeedCell.swift */,
				14DB265B2A5C840100F42499 /* FeedHeaderView.swift */,
			);
			path = View;
			sourceTree = "<group>";
		};
		14DB26522A5BF6D900F42499 /* ViewController */ = {
			isa = PBXGroup;
			children = (
				14DB26532A5BF82700F42499 /* FeedViewController.swift */,
			);
			path = ViewController;
			sourceTree = "<group>";
		};
		14DB26582A5C321300F42499 /* Model */ = {
			isa = PBXGroup;
			children = (
				14DB26592A5C7EB700F42499 /* FeedModel.swift */,
			);
			path = Model;
			sourceTree = "<group>";
		};
		14DB26632A5E974600F42499 /* ViewController */ = {
			isa = PBXGroup;
			children = (
				14DB26652A5E97A100F42499 /* MyFeedViewController.swift */,
			);
			path = ViewController;
			sourceTree = "<group>";
		};
		14F66FEC2A54846C009703AD /* Source */ = {
			isa = PBXGroup;
			children = (
				14F66FFA2A550864009703AD /* Scenes */,
				14F66FEE2A548497009703AD /* Global */,
			);
			path = Source;
			sourceTree = "<group>";
		};
		14F66FED2A54848F009703AD /* Resource */ = {
			isa = PBXGroup;
			children = (
				14C1F6212A50501D0079FA20 /* Assets.xcassets */,
				14C1F6262A50501D0079FA20 /* Info.plist */,
				14C1F6232A50501D0079FA20 /* LaunchScreen.storyboard */,
			);
			path = Resource;
			sourceTree = "<group>";
		};
		14F66FEE2A548497009703AD /* Global */ = {
			isa = PBXGroup;
			children = (
				14F66FEF2A5484A2009703AD /* Extension */,
				14F66FF02A5484AC009703AD /* Supports */,
			);
			path = Global;
			sourceTree = "<group>";
		};
		14F66FEF2A5484A2009703AD /* Extension */ = {
			isa = PBXGroup;
			children = (
				14D76B052A5B075100B3AC5F /* Foundation+ */,
				14D76B042A5B074600B3AC5F /* UIKit */,
			);
			path = Extension;
			sourceTree = "<group>";
		};
		14F66FF02A5484AC009703AD /* Supports */ = {
			isa = PBXGroup;
			children = (
				14C1F61A2A50501C0079FA20 /* SceneDelegate.swift */,
				14C1F6182A50501C0079FA20 /* AppDelegate.swift */,
			);
			path = Supports;
			sourceTree = "<group>";
		};
		14F66FFA2A550864009703AD /* Scenes */ = {
			isa = PBXGroup;
			children = (
				0D4DFA092A5F2E3C008F6D63 /* Test */,
				14A7A4372A56F12F00C0CA4E /* SaveGoal */,
				14A7A4362A56F12600C0CA4E /* Upload */,
				14A7A4352A56F10600C0CA4E /* MyFeed */,
				148C7B8B2A56B1AD007DFE55 /* MyPage */,
				148C7B8A2A56B1A6007DFE55 /* Recommend */,
				148C7B892A56B19D007DFE55 /* Feed */,
				14F670122A551B3D009703AD /* TabBar */,
			);
			path = Scenes;
			sourceTree = "<group>";
		};
		14F670122A551B3D009703AD /* TabBar */ = {
			isa = PBXGroup;
			children = (
				14F670132A551BCF009703AD /* TabBarController.swift */,
				0D4DFA052A5D9952008F6D63 /* TabBarItem.swift */,
			);
			path = TabBar;
			sourceTree = "<group>";
		};
		1D3CBAE62A5C05FD00AE8138 /* Cells */ = {
			isa = PBXGroup;
			children = (
				1D3CBAFB2A5E7C5300AE8138 /* Views */,
			);
			path = Cells;
			sourceTree = "<group>";
		};
		1D3CBAE82A5C060C00AE8138 /* ViewControllers */ = {
			isa = PBXGroup;
			children = (
				1D3CBAFE2A5E7CF100AE8138 /* MypageViewController.swift */,
			);
			path = ViewControllers;
			sourceTree = "<group>";
		};
		1D3CBAFB2A5E7C5300AE8138 /* Views */ = {
			isa = PBXGroup;
			children = (
				1D3CBAFC2A5E7C6D00AE8138 /* MypageProfileCell.swift */,
				1D3CBB042A5EC92700AE8138 /* MypageGoalInfoCell.swift */,
				1D3CBB062A5EC94800AE8138 /* MyfeedCollectionViewCell.swift */,
				1DEA6D882A6001BA003193E9 /* InquiryCollectionViewCell.swift */,
			);
			path = Views;
			sourceTree = "<group>";
		};
		F4BE083E2A5C6F650052F3B0 /* ViewController */ = {
			isa = PBXGroup;
			children = (
				F4BE08402A5C6F8C0052F3B0 /* UploadViewController.swift */,
			);
			path = ViewController;
			sourceTree = "<group>";
		};
		F4BE08422A5C72BF0052F3B0 /* View */ = {
			isa = PBXGroup;
			children = (
				F4BE08432A5C72EC0052F3B0 /* UploadBaseView.swift */,
				F4BE08452A5C77F10052F3B0 /* PhotoUploadView.swift */,
				F417C6BB2A5F27CE00A03EBB /* ContentsWriteView.swift */,
				F4867A642A6061940016389C /* PriceUploadView.swift */,
			);
			path = View;
			sourceTree = "<group>";
		};
		F4BE08472A5C7C4E0052F3B0 /* NavigationBar */ = {
			isa = PBXGroup;
			children = (
				F4BE084A2A5C7C740052F3B0 /* NavigationBarType.swift */,
				F4BE08482A5C7C6D0052F3B0 /* CustomNavigationBar.swift */,
			);
			path = NavigationBar;
			sourceTree = "<group>";
		};
/* End PBXGroup section */

/* Begin PBXNativeTarget section */
		14C1F6142A50501C0079FA20 /* Winey */ = {
			isa = PBXNativeTarget;
			buildConfigurationList = 14C1F6292A50501D0079FA20 /* Build configuration list for PBXNativeTarget "Winey" */;
			buildPhases = (
				14C1F6112A50501C0079FA20 /* Sources */,
				14C1F6122A50501C0079FA20 /* Frameworks */,
				14C1F6132A50501C0079FA20 /* Resources */,
			);
			buildRules = (
			);
			dependencies = (
			);
			name = Winey;
			packageProductDependencies = (
				14F66FE42A50562F009703AD /* SnapKit */,
				14F66FE72A505A27009703AD /* Moya */,
				14F66FEA2A505E3A009703AD /* Kingfisher */,
				0D6D9BF12A5D74C8000AA356 /* DesignSystem */,
				F4BE08522A5D98EA0052F3B0 /* CHIPageControl */,
			);
			productName = Winey;
			productReference = 14C1F6152A50501C0079FA20 /* Winey.app */;
			productType = "com.apple.product-type.application";
		};
/* End PBXNativeTarget section */

/* Begin PBXProject section */
		14C1F60D2A50501C0079FA20 /* Project object */ = {
			isa = PBXProject;
			attributes = {
				BuildIndependentTargetsInParallel = 1;
				LastSwiftUpdateCheck = 1420;
				LastUpgradeCheck = 1420;
				TargetAttributes = {
					14C1F6142A50501C0079FA20 = {
						CreatedOnToolsVersion = 14.2;
					};
				};
			};
			buildConfigurationList = 14C1F6102A50501C0079FA20 /* Build configuration list for PBXProject "Winey" */;
			compatibilityVersion = "Xcode 14.0";
			developmentRegion = en;
			hasScannedForEncodings = 0;
			knownRegions = (
				en,
				Base,
			);
			mainGroup = 14C1F60C2A50501C0079FA20;
			packageReferences = (
				14F66FE32A50562F009703AD /* XCRemoteSwiftPackageReference "SnapKit" */,
				14F66FE62A505A27009703AD /* XCRemoteSwiftPackageReference "Moya" */,
				14F66FE92A505E3A009703AD /* XCRemoteSwiftPackageReference "Kingfisher" */,
				F4BE08512A5D98EA0052F3B0 /* XCRemoteSwiftPackageReference "CHIPageControl" */,
			);
			productRefGroup = 14C1F6162A50501C0079FA20 /* Products */;
			projectDirPath = "";
			projectRoot = "";
			targets = (
				14C1F6142A50501C0079FA20 /* Winey */,
			);
		};
/* End PBXProject section */

/* Begin PBXResourcesBuildPhase section */
		14C1F6132A50501C0079FA20 /* Resources */ = {
			isa = PBXResourcesBuildPhase;
			buildActionMask = 2147483647;
			files = (
				14C1F6252A50501D0079FA20 /* LaunchScreen.storyboard in Resources */,
				14489F142A56A8A800F042CB /* Assets.xcassets in Resources */,
			);
			runOnlyForDeploymentPostprocessing = 0;
		};
/* End PBXResourcesBuildPhase section */

/* Begin PBXSourcesBuildPhase section */
		14C1F6112A50501C0079FA20 /* Sources */ = {
			isa = PBXSourcesBuildPhase;
			buildActionMask = 2147483647;
			files = (
				0D4DFA0B2A5F2E47008F6D63 /* TestViewController.swift in Sources */,
				1D3CBB082A5ECA8E00AE8138 /* MyfeedCollectionViewCell.swift in Sources */,
				14F66FFD2A550928009703AD /* UIView+.swift in Sources */,
				F4BE08412A5C6F8C0052F3B0 /* UploadViewController.swift in Sources */,
				14DB265A2A5C7EB700F42499 /* FeedModel.swift in Sources */,
				14DB26572A5C06C400F42499 /* FeedCell.swift in Sources */,
				14DB26602A5E7E7A00F42499 /* CGFloat+.swift in Sources */,
				143C00982A603911000FBD3F /* RecommendCell.swift in Sources */,
				143C009A2A604810000FBD3F /* RecommendFeedModel.swift in Sources */,
				14DB265C2A5C840100F42499 /* FeedHeaderView.swift in Sources */,
				14F670142A551BCF009703AD /* TabBarController.swift in Sources */,
				F4BE08462A5C77F10052F3B0 /* PhotoUploadView.swift in Sources */,
				F4867A672A608B860016389C /* Int+.swift in Sources */,
				14F670092A550C83009703AD /* UILabel+.swift in Sources */,
				143C00942A602E8F000FBD3F /* RecommendViewController.swift in Sources */,
				14F6700D2A550D4F009703AD /* UITextField+.swift in Sources */,
				14F670052A550BED009703AD /* UIViewController+.swift in Sources */,
				14DB26662A5E97A100F42499 /* MyFeedViewController.swift in Sources */,
				143C00962A603273000FBD3F /* RecommendHeaderView.swift in Sources */,
				14DB26542A5BF82700F42499 /* FeedViewController.swift in Sources */,
				14C1F6192A50501C0079FA20 /* AppDelegate.swift in Sources */,
				1D3CBB052A5EC92700AE8138 /* MypageGoalInfoCell.swift in Sources */,
				1DEA6D892A6001BA003193E9 /* InquiryCollectionViewCell.swift in Sources */,
				14F6700B2A550CBA009703AD /* UIButton+.swift in Sources */,
				1D3CBAFD2A5E7C6D00AE8138 /* MypageProfileCell.swift in Sources */,
				F4AE68672A65493500EEA198 /* Int64+.swift in Sources */,
				0D6519672A61905300643F46 /* TestTypoViewController.swift in Sources */,
				F4BE08442A5C72EC0052F3B0 /* UploadBaseView.swift in Sources */,
				14F670012A550AAC009703AD /* String+.swift in Sources */,
				0D6519692A6191F700643F46 /* TestPopupViewController.swift in Sources */,
				0D4DFA062A5D9952008F6D63 /* TabBarItem.swift in Sources */,
				F4867A652A6061940016389C /* PriceUploadView.swift in Sources */,
				14F670112A550F1A009703AD /* NSObject+.swift in Sources */,
				F417C6BC2A5F27CE00A03EBB /* ContentsWriteView.swift in Sources */,
				14F670072A550C45009703AD /* UIStackView+.swift in Sources */,
				14C1F61B2A50501C0079FA20 /* SceneDelegate.swift in Sources */,
				1D3CBAFF2A5E7CF100AE8138 /* MypageViewController.swift in Sources */,
			);
			runOnlyForDeploymentPostprocessing = 0;
		};
/* End PBXSourcesBuildPhase section */

/* Begin PBXVariantGroup section */
		14C1F6232A50501D0079FA20 /* LaunchScreen.storyboard */ = {
			isa = PBXVariantGroup;
			children = (
				14C1F6242A50501D0079FA20 /* Base */,
			);
			name = LaunchScreen.storyboard;
			sourceTree = "<group>";
		};
/* End PBXVariantGroup section */

/* Begin XCBuildConfiguration section */
		14C1F6272A50501D0079FA20 /* Debug */ = {
			isa = XCBuildConfiguration;
			buildSettings = {
				ALWAYS_SEARCH_USER_PATHS = NO;
				CLANG_ANALYZER_NONNULL = YES;
				CLANG_ANALYZER_NUMBER_OBJECT_CONVERSION = YES_AGGRESSIVE;
				CLANG_CXX_LANGUAGE_STANDARD = "gnu++20";
				CLANG_ENABLE_MODULES = YES;
				CLANG_ENABLE_OBJC_ARC = YES;
				CLANG_ENABLE_OBJC_WEAK = YES;
				CLANG_WARN_BLOCK_CAPTURE_AUTORELEASING = YES;
				CLANG_WARN_BOOL_CONVERSION = YES;
				CLANG_WARN_COMMA = YES;
				CLANG_WARN_CONSTANT_CONVERSION = YES;
				CLANG_WARN_DEPRECATED_OBJC_IMPLEMENTATIONS = YES;
				CLANG_WARN_DIRECT_OBJC_ISA_USAGE = YES_ERROR;
				CLANG_WARN_DOCUMENTATION_COMMENTS = YES;
				CLANG_WARN_EMPTY_BODY = YES;
				CLANG_WARN_ENUM_CONVERSION = YES;
				CLANG_WARN_INFINITE_RECURSION = YES;
				CLANG_WARN_INT_CONVERSION = YES;
				CLANG_WARN_NON_LITERAL_NULL_CONVERSION = YES;
				CLANG_WARN_OBJC_IMPLICIT_RETAIN_SELF = YES;
				CLANG_WARN_OBJC_LITERAL_CONVERSION = YES;
				CLANG_WARN_OBJC_ROOT_CLASS = YES_ERROR;
				CLANG_WARN_QUOTED_INCLUDE_IN_FRAMEWORK_HEADER = YES;
				CLANG_WARN_RANGE_LOOP_ANALYSIS = YES;
				CLANG_WARN_STRICT_PROTOTYPES = YES;
				CLANG_WARN_SUSPICIOUS_MOVE = YES;
				CLANG_WARN_UNGUARDED_AVAILABILITY = YES_AGGRESSIVE;
				CLANG_WARN_UNREACHABLE_CODE = YES;
				CLANG_WARN__DUPLICATE_METHOD_MATCH = YES;
				COPY_PHASE_STRIP = NO;
				DEBUG_INFORMATION_FORMAT = dwarf;
				ENABLE_STRICT_OBJC_MSGSEND = YES;
				ENABLE_TESTABILITY = YES;
				GCC_C_LANGUAGE_STANDARD = gnu11;
				GCC_DYNAMIC_NO_PIC = NO;
				GCC_NO_COMMON_BLOCKS = YES;
				GCC_OPTIMIZATION_LEVEL = 0;
				GCC_PREPROCESSOR_DEFINITIONS = (
					"DEBUG=1",
					"$(inherited)",
				);
				GCC_WARN_64_TO_32_BIT_CONVERSION = YES;
				GCC_WARN_ABOUT_RETURN_TYPE = YES_ERROR;
				GCC_WARN_UNDECLARED_SELECTOR = YES;
				GCC_WARN_UNINITIALIZED_AUTOS = YES_AGGRESSIVE;
				GCC_WARN_UNUSED_FUNCTION = YES;
				GCC_WARN_UNUSED_VARIABLE = YES;
				INFOPLIST_FILE = Winey/Resource/info.plist;
				IPHONEOS_DEPLOYMENT_TARGET = 15.0;
				MTL_ENABLE_DEBUG_INFO = INCLUDE_SOURCE;
				MTL_FAST_MATH = YES;
				ONLY_ACTIVE_ARCH = YES;
				SDKROOT = iphoneos;
				SWIFT_ACTIVE_COMPILATION_CONDITIONS = DEBUG;
				SWIFT_OPTIMIZATION_LEVEL = "-Onone";
			};
			name = Debug;
		};
		14C1F6282A50501D0079FA20 /* Release */ = {
			isa = XCBuildConfiguration;
			buildSettings = {
				ALWAYS_SEARCH_USER_PATHS = NO;
				CLANG_ANALYZER_NONNULL = YES;
				CLANG_ANALYZER_NUMBER_OBJECT_CONVERSION = YES_AGGRESSIVE;
				CLANG_CXX_LANGUAGE_STANDARD = "gnu++20";
				CLANG_ENABLE_MODULES = YES;
				CLANG_ENABLE_OBJC_ARC = YES;
				CLANG_ENABLE_OBJC_WEAK = YES;
				CLANG_WARN_BLOCK_CAPTURE_AUTORELEASING = YES;
				CLANG_WARN_BOOL_CONVERSION = YES;
				CLANG_WARN_COMMA = YES;
				CLANG_WARN_CONSTANT_CONVERSION = YES;
				CLANG_WARN_DEPRECATED_OBJC_IMPLEMENTATIONS = YES;
				CLANG_WARN_DIRECT_OBJC_ISA_USAGE = YES_ERROR;
				CLANG_WARN_DOCUMENTATION_COMMENTS = YES;
				CLANG_WARN_EMPTY_BODY = YES;
				CLANG_WARN_ENUM_CONVERSION = YES;
				CLANG_WARN_INFINITE_RECURSION = YES;
				CLANG_WARN_INT_CONVERSION = YES;
				CLANG_WARN_NON_LITERAL_NULL_CONVERSION = YES;
				CLANG_WARN_OBJC_IMPLICIT_RETAIN_SELF = YES;
				CLANG_WARN_OBJC_LITERAL_CONVERSION = YES;
				CLANG_WARN_OBJC_ROOT_CLASS = YES_ERROR;
				CLANG_WARN_QUOTED_INCLUDE_IN_FRAMEWORK_HEADER = YES;
				CLANG_WARN_RANGE_LOOP_ANALYSIS = YES;
				CLANG_WARN_STRICT_PROTOTYPES = YES;
				CLANG_WARN_SUSPICIOUS_MOVE = YES;
				CLANG_WARN_UNGUARDED_AVAILABILITY = YES_AGGRESSIVE;
				CLANG_WARN_UNREACHABLE_CODE = YES;
				CLANG_WARN__DUPLICATE_METHOD_MATCH = YES;
				COPY_PHASE_STRIP = NO;
				DEBUG_INFORMATION_FORMAT = "dwarf-with-dsym";
				ENABLE_NS_ASSERTIONS = NO;
				ENABLE_STRICT_OBJC_MSGSEND = YES;
				GCC_C_LANGUAGE_STANDARD = gnu11;
				GCC_NO_COMMON_BLOCKS = YES;
				GCC_WARN_64_TO_32_BIT_CONVERSION = YES;
				GCC_WARN_ABOUT_RETURN_TYPE = YES_ERROR;
				GCC_WARN_UNDECLARED_SELECTOR = YES;
				GCC_WARN_UNINITIALIZED_AUTOS = YES_AGGRESSIVE;
				GCC_WARN_UNUSED_FUNCTION = YES;
				GCC_WARN_UNUSED_VARIABLE = YES;
				INFOPLIST_FILE = Winey/Resource/info.plist;
				IPHONEOS_DEPLOYMENT_TARGET = 15.0;
				MTL_ENABLE_DEBUG_INFO = NO;
				MTL_FAST_MATH = YES;
				SDKROOT = iphoneos;
				SWIFT_COMPILATION_MODE = wholemodule;
				SWIFT_OPTIMIZATION_LEVEL = "-O";
				VALIDATE_PRODUCT = YES;
			};
			name = Release;
		};
		14C1F62A2A50501D0079FA20 /* Debug */ = {
			isa = XCBuildConfiguration;
			buildSettings = {
				ASSETCATALOG_COMPILER_APPICON_NAME = AppIcon;
				ASSETCATALOG_COMPILER_GLOBAL_ACCENT_COLOR_NAME = AccentColor;
				CODE_SIGN_STYLE = Automatic;
				CURRENT_PROJECT_VERSION = 1;
				DEVELOPMENT_TEAM = "";
				GENERATE_INFOPLIST_FILE = YES;
				INFOPLIST_FILE = Winey/Resource/info.plist;
				INFOPLIST_KEY_LSApplicationCategoryType = "";
				INFOPLIST_KEY_NSPhotoLibraryUsageDescription = "갤러리 접근권한";
				INFOPLIST_KEY_UIApplicationSupportsIndirectInputEvents = YES;
				INFOPLIST_KEY_UILaunchStoryboardName = LaunchScreen;
				INFOPLIST_KEY_UISupportedInterfaceOrientations_iPad = "UIInterfaceOrientationPortrait UIInterfaceOrientationPortraitUpsideDown UIInterfaceOrientationLandscapeLeft UIInterfaceOrientationLandscapeRight";
				INFOPLIST_KEY_UISupportedInterfaceOrientations_iPhone = "UIInterfaceOrientationPortrait UIInterfaceOrientationLandscapeLeft UIInterfaceOrientationLandscapeRight";
				IPHONEOS_DEPLOYMENT_TARGET = 14.0;
				LD_RUNPATH_SEARCH_PATHS = (
					"$(inherited)",
					"@executable_path/Frameworks",
				);
				MARKETING_VERSION = 1.0;
				PRODUCT_BUNDLE_IDENTIFIER = "com.winey-iOS.Winey";
				PRODUCT_NAME = "$(TARGET_NAME)";
				SWIFT_EMIT_LOC_STRINGS = YES;
				SWIFT_VERSION = 5.0;
				TARGETED_DEVICE_FAMILY = "1,2";
			};
			name = Debug;
		};
		14C1F62B2A50501D0079FA20 /* Release */ = {
			isa = XCBuildConfiguration;
			buildSettings = {
				ASSETCATALOG_COMPILER_APPICON_NAME = AppIcon;
				ASSETCATALOG_COMPILER_GLOBAL_ACCENT_COLOR_NAME = AccentColor;
				CODE_SIGN_STYLE = Automatic;
				CURRENT_PROJECT_VERSION = 1;
				DEVELOPMENT_TEAM = "";
				GENERATE_INFOPLIST_FILE = YES;
				INFOPLIST_FILE = Winey/Resource/info.plist;
				INFOPLIST_KEY_LSApplicationCategoryType = "";
				INFOPLIST_KEY_NSPhotoLibraryUsageDescription = "갤러리 접근권한";
				INFOPLIST_KEY_UIApplicationSupportsIndirectInputEvents = YES;
				INFOPLIST_KEY_UILaunchStoryboardName = LaunchScreen;
				INFOPLIST_KEY_UISupportedInterfaceOrientations_iPad = "UIInterfaceOrientationPortrait UIInterfaceOrientationPortraitUpsideDown UIInterfaceOrientationLandscapeLeft UIInterfaceOrientationLandscapeRight";
				INFOPLIST_KEY_UISupportedInterfaceOrientations_iPhone = "UIInterfaceOrientationPortrait UIInterfaceOrientationLandscapeLeft UIInterfaceOrientationLandscapeRight";
				IPHONEOS_DEPLOYMENT_TARGET = 14.0;
				LD_RUNPATH_SEARCH_PATHS = (
					"$(inherited)",
					"@executable_path/Frameworks",
				);
				MARKETING_VERSION = 1.0;
				PRODUCT_BUNDLE_IDENTIFIER = "com.winey-iOS.Winey";
				PRODUCT_NAME = "$(TARGET_NAME)";
				SWIFT_EMIT_LOC_STRINGS = YES;
				SWIFT_VERSION = 5.0;
				TARGETED_DEVICE_FAMILY = "1,2";
			};
			name = Release;
		};
/* End XCBuildConfiguration section */

/* Begin XCConfigurationList section */
		14C1F6102A50501C0079FA20 /* Build configuration list for PBXProject "Winey" */ = {
			isa = XCConfigurationList;
			buildConfigurations = (
				14C1F6272A50501D0079FA20 /* Debug */,
				14C1F6282A50501D0079FA20 /* Release */,
			);
			defaultConfigurationIsVisible = 0;
			defaultConfigurationName = Release;
		};
		14C1F6292A50501D0079FA20 /* Build configuration list for PBXNativeTarget "Winey" */ = {
			isa = XCConfigurationList;
			buildConfigurations = (
				14C1F62A2A50501D0079FA20 /* Debug */,
				14C1F62B2A50501D0079FA20 /* Release */,
			);
			defaultConfigurationIsVisible = 0;
			defaultConfigurationName = Release;
		};
/* End XCConfigurationList section */

/* Begin XCRemoteSwiftPackageReference section */
		14F66FE32A50562F009703AD /* XCRemoteSwiftPackageReference "SnapKit" */ = {
			isa = XCRemoteSwiftPackageReference;
			repositoryURL = "https://github.com/SnapKit/SnapKit";
			requirement = {
				kind = upToNextMajorVersion;
				minimumVersion = 5.0.0;
			};
		};
		14F66FE62A505A27009703AD /* XCRemoteSwiftPackageReference "Moya" */ = {
			isa = XCRemoteSwiftPackageReference;
			repositoryURL = "https://github.com/Moya/Moya";
			requirement = {
				branch = master;
				kind = branch;
			};
		};
		14F66FE92A505E3A009703AD /* XCRemoteSwiftPackageReference "Kingfisher" */ = {
			isa = XCRemoteSwiftPackageReference;
			repositoryURL = "https://github.com/onevcat/Kingfisher";
			requirement = {
				branch = master;
				kind = branch;
			};
		};
		F4BE08512A5D98EA0052F3B0 /* XCRemoteSwiftPackageReference "CHIPageControl" */ = {
			isa = XCRemoteSwiftPackageReference;
			repositoryURL = "https://github.com/ChiliLabs/CHIPageControl.git";
			requirement = {
				kind = upToNextMajorVersion;
				minimumVersion = 0.2.1;
			};
		};
/* End XCRemoteSwiftPackageReference section */

/* Begin XCSwiftPackageProductDependency section */
		0D6D9BF12A5D74C8000AA356 /* DesignSystem */ = {
			isa = XCSwiftPackageProductDependency;
			productName = DesignSystem;
		};
		14F66FE42A50562F009703AD /* SnapKit */ = {
			isa = XCSwiftPackageProductDependency;
			package = 14F66FE32A50562F009703AD /* XCRemoteSwiftPackageReference "SnapKit" */;
			productName = SnapKit;
		};
		14F66FE72A505A27009703AD /* Moya */ = {
			isa = XCSwiftPackageProductDependency;
			package = 14F66FE62A505A27009703AD /* XCRemoteSwiftPackageReference "Moya" */;
			productName = Moya;
		};
		14F66FEA2A505E3A009703AD /* Kingfisher */ = {
			isa = XCSwiftPackageProductDependency;
			package = 14F66FE92A505E3A009703AD /* XCRemoteSwiftPackageReference "Kingfisher" */;
			productName = Kingfisher;
		};
		F4BE08522A5D98EA0052F3B0 /* CHIPageControl */ = {
			isa = XCSwiftPackageProductDependency;
			package = F4BE08512A5D98EA0052F3B0 /* XCRemoteSwiftPackageReference "CHIPageControl" */;
			productName = CHIPageControl;
		};
/* End XCSwiftPackageProductDependency section */
	};
	rootObject = 14C1F60D2A50501C0079FA20 /* Project object */;
}
